
Microsoft Visual Studio Solution File, Format Version 12.00
# Visual Studio Version 16
VisualStudioVersion = 16.0.31829.152
MinimumVisualStudioVersion = 10.0.40219.1
Project("{FAE04EC0-301F-11D3-BF4B-00C04F79EFBC}") = "23 Async", "23 Async\23 Async.csproj", "{80EEF0BF-3C99-4EC7-ABF5-481179BAB092}"
EndProject
Global
	GlobalSection(SolutionConfigurationPlatforms) = preSolution
		Debug|Any CPU = Debug|Any CPU
		Release|Any CPU = Release|Any CPU
	EndGlobalSection
	GlobalSection(ProjectConfigurationPlatforms) = postSolution
		{80EEF0BF-3C99-4EC7-ABF5-481179BAB092}.Debug|Any CPU.ActiveCfg = Debug|Any CPU
		{80EEF0BF-3C99-4EC7-ABF5-481179BAB092}.Debug|Any CPU.Build.0 = Debug|Any CPU
		{80EEF0BF-3C99-4EC7-ABF5-481179BAB092}.Release|Any CPU.ActiveCfg = Release|Any CPU
		{80EEF0BF-3C99-4EC7-ABF5-481179BAB092}.Release|Any CPU.Build.0 = Release|Any CPU
	EndGlobalSection
	GlobalSection(SolutionProperties) = preSolution
		HideSolutionNode = FALSE
	EndGlobalSection
	GlobalSection(ExtensibilityGlobals) = postSolution
		SolutionGuid = {46E7E573-C3A2-4941-B39F-AAA194D469D0}
	EndGlobalSection
EndGlobal
